
Microsoft Visual Studio Solution File, Format Version 12.00
# Visual Studio Version 16
VisualStudioVersion = 16.0.31112.23
MinimumVisualStudioVersion = 10.0.40219.1
Project("{FAE04EC0-301F-11D3-BF4B-00C04F79EFBC}") = "TheSurvey", "TheSurvey\TheSurvey.csproj", "{4A244460-C9AC-4043-A5B4-17C8EC5FA98A}"
EndProject
Global
	GlobalSection(SolutionConfigurationPlatforms) = preSolution
		Debug|Any CPU = Debug|Any CPU
		Release|Any CPU = Release|Any CPU
	EndGlobalSection
	GlobalSection(ProjectConfigurationPlatforms) = postSolution
		{4A244460-C9AC-4043-A5B4-17C8EC5FA98A}.Debug|Any CPU.ActiveCfg = Debug|Any CPU
		{4A244460-C9AC-4043-A5B4-17C8EC5FA98A}.Debug|Any CPU.Build.0 = Debug|Any CPU
		{4A244460-C9AC-4043-A5B4-17C8EC5FA98A}.Release|Any CPU.ActiveCfg = Release|Any CPU
		{4A244460-C9AC-4043-A5B4-17C8EC5FA98A}.Release|Any CPU.Build.0 = Release|Any CPU
	EndGlobalSection
	GlobalSection(SolutionProperties) = preSolution
		HideSolutionNode = FALSE
	EndGlobalSection
	GlobalSection(ExtensibilityGlobals) = postSolution
		SolutionGuid = {F2AA2AC8-8C8E-40AF-879D-1ADB647B7018}
	EndGlobalSection
EndGlobal
